
Microsoft Visual Studio Solution File, Format Version 12.00
# Visual Studio 2012
Project("{FAE04EC0-301F-11D3-BF4B-00C04F79EFBC}") = "MidoriDesktop", "MidoriDesktop\MidoriDesktop.csproj", "{D5FE6FB6-3B49-47D9-AEB1-ECF4ECD1870A}"
EndProject
Global
	GlobalSection(SolutionConfigurationPlatforms) = preSolution
		Debug|Any CPU = Debug|Any CPU
		Release|Any CPU = Release|Any CPU
	EndGlobalSection
	GlobalSection(ProjectConfigurationPlatforms) = postSolution
		{D5FE6FB6-3B49-47D9-AEB1-ECF4ECD1870A}.Debug|Any CPU.ActiveCfg = Debug|Any CPU
		{D5FE6FB6-3B49-47D9-AEB1-ECF4ECD1870A}.Debug|Any CPU.Build.0 = Debug|Any CPU
		{D5FE6FB6-3B49-47D9-AEB1-ECF4ECD1870A}.Release|Any CPU.ActiveCfg = Release|Any CPU
		{D5FE6FB6-3B49-47D9-AEB1-ECF4ECD1870A}.Release|Any CPU.Build.0 = Release|Any CPU
	EndGlobalSection
	GlobalSection(SolutionProperties) = preSolution
		HideSolutionNode = FALSE
	EndGlobalSection
EndGlobal
